// !$*UTF8*$!
{
	archiveVersion = 1;
	classes = {
	};
	objectVersion = 50;
	objects = {

/* Begin PBXBuildFile section */
		6674F085CA79C2246B2C3430 /* Pods_TheMovieDBTests.framework in Frameworks */ = {isa = PBXBuildFile; fileRef = 0FA80D9E3B0516AEA4538EAC /* Pods_TheMovieDBTests.framework */; };
		6CF432134091048ED616F759 /* Pods_TheMovieDB.framework in Frameworks */ = {isa = PBXBuildFile; fileRef = 595864C6D581FA07322B1E6B /* Pods_TheMovieDB.framework */; };
		DB0A277D2146F7C20085B67B /* HttpLayerTests.swift in Sources */ = {isa = PBXBuildFile; fileRef = DB0A277C2146F7C20085B67B /* HttpLayerTests.swift */; };
		DB0A277E2146FBB40085B67B /* HTTPLayer.swift in Sources */ = {isa = PBXBuildFile; fileRef = DBF9EBF821453C7500B1F710 /* HTTPLayer.swift */; };
		DB0A277F2146FBB60085B67B /* Endpoint.swift in Sources */ = {isa = PBXBuildFile; fileRef = DBF9EBFA2145596B00B1F710 /* Endpoint.swift */; };
		DB6AB5A421499E49005FA4A5 /* Movie.swift in Sources */ = {isa = PBXBuildFile; fileRef = DB6AB5A321499E49005FA4A5 /* Movie.swift */; };
		DB6AB5A521499E60005FA4A5 /* Movie.swift in Sources */ = {isa = PBXBuildFile; fileRef = DB6AB5A321499E49005FA4A5 /* Movie.swift */; };
		DB6AB5AD21499EFE005FA4A5 /* SearchResult.swift in Sources */ = {isa = PBXBuildFile; fileRef = DB6AB5AC21499EFE005FA4A5 /* SearchResult.swift */; };
		DB6AB5AE21499EFE005FA4A5 /* SearchResult.swift in Sources */ = {isa = PBXBuildFile; fileRef = DB6AB5AC21499EFE005FA4A5 /* SearchResult.swift */; };
		DB6AB5B72149A56B005FA4A5 /* APIClient.swift in Sources */ = {isa = PBXBuildFile; fileRef = DB6AB5B62149A56B005FA4A5 /* APIClient.swift */; };
		DB6AB5B82149A56B005FA4A5 /* APIClient.swift in Sources */ = {isa = PBXBuildFile; fileRef = DB6AB5B62149A56B005FA4A5 /* APIClient.swift */; };
		DB6AB5BC214A5755005FA4A5 /* MovieSearchViewController.swift in Sources */ = {isa = PBXBuildFile; fileRef = DB6AB5BB214A5755005FA4A5 /* MovieSearchViewController.swift */; };
		DB6AB5BF214A5765005FA4A5 /* MovieSearchView.swift in Sources */ = {isa = PBXBuildFile; fileRef = DB6AB5BE214A5765005FA4A5 /* MovieSearchView.swift */; };
		DB6AB5C2214A5773005FA4A5 /* MovieSearchViewModel.swift in Sources */ = {isa = PBXBuildFile; fileRef = DB6AB5C1214A5773005FA4A5 /* MovieSearchViewModel.swift */; };
		DB6AB5C4214A6184005FA4A5 /* MovieSearchViewModel.swift in Sources */ = {isa = PBXBuildFile; fileRef = DB6AB5C1214A5773005FA4A5 /* MovieSearchViewModel.swift */; };
		DB6AB5C7214AA57D005FA4A5 /* MoviesListViewController.swift in Sources */ = {isa = PBXBuildFile; fileRef = DB6AB5C6214AA57D005FA4A5 /* MoviesListViewController.swift */; };
		DB6AB5C9214AA586005FA4A5 /* MoviesListViewModel.swift in Sources */ = {isa = PBXBuildFile; fileRef = DB6AB5C8214AA586005FA4A5 /* MoviesListViewModel.swift */; };
		DB6AB5CB214AA58F005FA4A5 /* MoviesListView.swift in Sources */ = {isa = PBXBuildFile; fileRef = DB6AB5CA214AA58F005FA4A5 /* MoviesListView.swift */; };
		DB6AB5CC214AA5A6005FA4A5 /* MoviesListViewModel.swift in Sources */ = {isa = PBXBuildFile; fileRef = DB6AB5C8214AA586005FA4A5 /* MoviesListViewModel.swift */; };
		DB6AB5DA214D68DB005FA4A5 /* UIButton+Extension.swift in Sources */ = {isa = PBXBuildFile; fileRef = DB6AB5D9214D68DB005FA4A5 /* UIButton+Extension.swift */; };
		DB6AB5DC214D68FD005FA4A5 /* UITextField+Extension.swift in Sources */ = {isa = PBXBuildFile; fileRef = DB6AB5DB214D68FD005FA4A5 /* UITextField+Extension.swift */; };
		DB6AB5DF214D694B005FA4A5 /* SuggestionViewCell.swift in Sources */ = {isa = PBXBuildFile; fileRef = DB6AB5DE214D694B005FA4A5 /* SuggestionViewCell.swift */; };
		DB6AB5E1214D6A07005FA4A5 /* SearchHeaderView.swift in Sources */ = {isa = PBXBuildFile; fileRef = DB6AB5E0214D6A07005FA4A5 /* SearchHeaderView.swift */; };
		DB6AB5E4214DA57C005FA4A5 /* DecoderProtocol.swift in Sources */ = {isa = PBXBuildFile; fileRef = DB6AB5E3214DA57C005FA4A5 /* DecoderProtocol.swift */; };
		DB6AB5E7214DA8D4005FA4A5 /* StoreClient.swift in Sources */ = {isa = PBXBuildFile; fileRef = DB6AB5E6214DA8D4005FA4A5 /* StoreClient.swift */; };
		DB6AB5E8214DACAA005FA4A5 /* DecoderProtocol.swift in Sources */ = {isa = PBXBuildFile; fileRef = DB6AB5E3214DA57C005FA4A5 /* DecoderProtocol.swift */; };
		DB6AB5E9214DB3B5005FA4A5 /* StoreClient.swift in Sources */ = {isa = PBXBuildFile; fileRef = DB6AB5E6214DA8D4005FA4A5 /* StoreClient.swift */; };
		DB6AB5EF214E4B37005FA4A5 /* MovieTableViewCell.swift in Sources */ = {isa = PBXBuildFile; fileRef = DB6AB5ED214E4B37005FA4A5 /* MovieTableViewCell.swift */; };
		DB6AB5F0214E4B37005FA4A5 /* MovieTableViewCell.xib in Resources */ = {isa = PBXBuildFile; fileRef = DB6AB5EE214E4B37005FA4A5 /* MovieTableViewCell.xib */; };
		DB6AB5F2214E9D45005FA4A5 /* AppManager.swift in Sources */ = {isa = PBXBuildFile; fileRef = DB6AB5F1214E9D45005FA4A5 /* AppManager.swift */; };
		DB6AB5F4214EA492005FA4A5 /* PresenterManager.swift in Sources */ = {isa = PBXBuildFile; fileRef = DB6AB5F3214EA492005FA4A5 /* PresenterManager.swift */; };
		DB6AB5F6214EAC8C005FA4A5 /* RoutingManager.swift in Sources */ = {isa = PBXBuildFile; fileRef = DB6AB5F5214EAC8C005FA4A5 /* RoutingManager.swift */; };
		DB6AB5F8214EC017005FA4A5 /* PresenterManager.swift in Sources */ = {isa = PBXBuildFile; fileRef = DB6AB5F3214EA492005FA4A5 /* PresenterManager.swift */; };
		DB6AB5F9214EC1C7005FA4A5 /* RoutingManager.swift in Sources */ = {isa = PBXBuildFile; fileRef = DB6AB5F5214EAC8C005FA4A5 /* RoutingManager.swift */; };
		DB6AB5FB214EC61A005FA4A5 /* MovieSearchViewController.swift in Sources */ = {isa = PBXBuildFile; fileRef = DB6AB5BB214A5755005FA4A5 /* MovieSearchViewController.swift */; };
		DB6AB5FD214EC633005FA4A5 /* MoviesListViewController.swift in Sources */ = {isa = PBXBuildFile; fileRef = DB6AB5C6214AA57D005FA4A5 /* MoviesListViewController.swift */; };
		DBA3DF59214702580084F7F5 /* Result.swift in Sources */ = {isa = PBXBuildFile; fileRef = DBF9EBF521453C1600B1F710 /* Result.swift */; };
		DBBCC38521483B8A00690094 /* BatmanSearch.json in Resources */ = {isa = PBXBuildFile; fileRef = DBBCC38421483B8A00690094 /* BatmanSearch.json */; };
		DBBCC38721484A2700690094 /* SearchParserTests.swift in Sources */ = {isa = PBXBuildFile; fileRef = DBBCC38621484A2700690094 /* SearchParserTests.swift */; };
		DBBD43D6214ECB15008B0150 /* MoviesListView.swift in Sources */ = {isa = PBXBuildFile; fileRef = DB6AB5CA214AA58F005FA4A5 /* MoviesListView.swift */; };
		DBBD43D7214ECB1C008B0150 /* MovieTableViewCell.swift in Sources */ = {isa = PBXBuildFile; fileRef = DB6AB5ED214E4B37005FA4A5 /* MovieTableViewCell.swift */; };
		DBBD43D8214ECB26008B0150 /* SearchHeaderView.swift in Sources */ = {isa = PBXBuildFile; fileRef = DB6AB5E0214D6A07005FA4A5 /* SearchHeaderView.swift */; };
		DBBD43D9214ECB2A008B0150 /* SuggestionViewCell.swift in Sources */ = {isa = PBXBuildFile; fileRef = DB6AB5DE214D694B005FA4A5 /* SuggestionViewCell.swift */; };
		DBBD43DB214F8CB2008B0150 /* UIAlertController+Extension.swift in Sources */ = {isa = PBXBuildFile; fileRef = DBBD43DA214F8CB2008B0150 /* UIAlertController+Extension.swift */; };
		DBF9EBD521453AD600B1F710 /* AppDelegate.swift in Sources */ = {isa = PBXBuildFile; fileRef = DBF9EBD421453AD600B1F710 /* AppDelegate.swift */; };
		DBF9EBDC21453AD900B1F710 /* Assets.xcassets in Resources */ = {isa = PBXBuildFile; fileRef = DBF9EBDB21453AD900B1F710 /* Assets.xcassets */; };
		DBF9EBDF21453AD900B1F710 /* LaunchScreen.storyboard in Resources */ = {isa = PBXBuildFile; fileRef = DBF9EBDD21453AD900B1F710 /* LaunchScreen.storyboard */; };
		DBF9EBF621453C1600B1F710 /* Result.swift in Sources */ = {isa = PBXBuildFile; fileRef = DBF9EBF521453C1600B1F710 /* Result.swift */; };
		DBF9EBF921453C7500B1F710 /* HTTPLayer.swift in Sources */ = {isa = PBXBuildFile; fileRef = DBF9EBF821453C7500B1F710 /* HTTPLayer.swift */; };
		DBF9EBFB2145596B00B1F710 /* Endpoint.swift in Sources */ = {isa = PBXBuildFile; fileRef = DBF9EBFA2145596B00B1F710 /* Endpoint.swift */; };
/* End PBXBuildFile section */

/* Begin PBXContainerItemProxy section */
		DBF9EBE621453AD900B1F710 /* PBXContainerItemProxy */ = {
			isa = PBXContainerItemProxy;
			containerPortal = DBF9EBC921453AD600B1F710 /* Project object */;
			proxyType = 1;
			remoteGlobalIDString = DBF9EBD021453AD600B1F710;
			remoteInfo = TheMovieDB;
		};
/* End PBXContainerItemProxy section */

/* Begin PBXFileReference section */
		0C7F663AD94D0B8D4C55563F /* Pods-TheMovieDBTests.release.xcconfig */ = {isa = PBXFileReference; includeInIndex = 1; lastKnownFileType = text.xcconfig; name = "Pods-TheMovieDBTests.release.xcconfig"; path = "Pods/Target Support Files/Pods-TheMovieDBTests/Pods-TheMovieDBTests.release.xcconfig"; sourceTree = "<group>"; };
		0FA80D9E3B0516AEA4538EAC /* Pods_TheMovieDBTests.framework */ = {isa = PBXFileReference; explicitFileType = wrapper.framework; includeInIndex = 0; path = Pods_TheMovieDBTests.framework; sourceTree = BUILT_PRODUCTS_DIR; };
		3E8AECF48CBE402380D9DAE7 /* Pods-TheMovieDBTests.debug.xcconfig */ = {isa = PBXFileReference; includeInIndex = 1; lastKnownFileType = text.xcconfig; name = "Pods-TheMovieDBTests.debug.xcconfig"; path = "Pods/Target Support Files/Pods-TheMovieDBTests/Pods-TheMovieDBTests.debug.xcconfig"; sourceTree = "<group>"; };
		595864C6D581FA07322B1E6B /* Pods_TheMovieDB.framework */ = {isa = PBXFileReference; explicitFileType = wrapper.framework; includeInIndex = 0; path = Pods_TheMovieDB.framework; sourceTree = BUILT_PRODUCTS_DIR; };
		8410DB8B97CD46CD1B7E4F12 /* Pods-TheMovieDB.release.xcconfig */ = {isa = PBXFileReference; includeInIndex = 1; lastKnownFileType = text.xcconfig; name = "Pods-TheMovieDB.release.xcconfig"; path = "Pods/Target Support Files/Pods-TheMovieDB/Pods-TheMovieDB.release.xcconfig"; sourceTree = "<group>"; };
		DB0A277C2146F7C20085B67B /* HttpLayerTests.swift */ = {isa = PBXFileReference; lastKnownFileType = sourcecode.swift; path = HttpLayerTests.swift; sourceTree = "<group>"; };
		DB6AB5A321499E49005FA4A5 /* Movie.swift */ = {isa = PBXFileReference; lastKnownFileType = sourcecode.swift; path = Movie.swift; sourceTree = "<group>"; };
		DB6AB5AC21499EFE005FA4A5 /* SearchResult.swift */ = {isa = PBXFileReference; lastKnownFileType = sourcecode.swift; path = SearchResult.swift; sourceTree = "<group>"; };
		DB6AB5B62149A56B005FA4A5 /* APIClient.swift */ = {isa = PBXFileReference; lastKnownFileType = sourcecode.swift; path = APIClient.swift; sourceTree = "<group>"; };
		DB6AB5BB214A5755005FA4A5 /* MovieSearchViewController.swift */ = {isa = PBXFileReference; lastKnownFileType = sourcecode.swift; path = MovieSearchViewController.swift; sourceTree = "<group>"; };
		DB6AB5BE214A5765005FA4A5 /* MovieSearchView.swift */ = {isa = PBXFileReference; lastKnownFileType = sourcecode.swift; path = MovieSearchView.swift; sourceTree = "<group>"; };
		DB6AB5C1214A5773005FA4A5 /* MovieSearchViewModel.swift */ = {isa = PBXFileReference; lastKnownFileType = sourcecode.swift; path = MovieSearchViewModel.swift; sourceTree = "<group>"; };
		DB6AB5C6214AA57D005FA4A5 /* MoviesListViewController.swift */ = {isa = PBXFileReference; lastKnownFileType = sourcecode.swift; path = MoviesListViewController.swift; sourceTree = "<group>"; };
		DB6AB5C8214AA586005FA4A5 /* MoviesListViewModel.swift */ = {isa = PBXFileReference; lastKnownFileType = sourcecode.swift; path = MoviesListViewModel.swift; sourceTree = "<group>"; };
		DB6AB5CA214AA58F005FA4A5 /* MoviesListView.swift */ = {isa = PBXFileReference; lastKnownFileType = sourcecode.swift; path = MoviesListView.swift; sourceTree = "<group>"; };
		DB6AB5D9214D68DB005FA4A5 /* UIButton+Extension.swift */ = {isa = PBXFileReference; lastKnownFileType = sourcecode.swift; path = "UIButton+Extension.swift"; sourceTree = "<group>"; };
		DB6AB5DB214D68FD005FA4A5 /* UITextField+Extension.swift */ = {isa = PBXFileReference; lastKnownFileType = sourcecode.swift; path = "UITextField+Extension.swift"; sourceTree = "<group>"; };
		DB6AB5DE214D694B005FA4A5 /* SuggestionViewCell.swift */ = {isa = PBXFileReference; lastKnownFileType = sourcecode.swift; path = SuggestionViewCell.swift; sourceTree = "<group>"; };
		DB6AB5E0214D6A07005FA4A5 /* SearchHeaderView.swift */ = {isa = PBXFileReference; lastKnownFileType = sourcecode.swift; path = SearchHeaderView.swift; sourceTree = "<group>"; };
		DB6AB5E3214DA57C005FA4A5 /* DecoderProtocol.swift */ = {isa = PBXFileReference; lastKnownFileType = sourcecode.swift; path = DecoderProtocol.swift; sourceTree = "<group>"; };
		DB6AB5E6214DA8D4005FA4A5 /* StoreClient.swift */ = {isa = PBXFileReference; lastKnownFileType = sourcecode.swift; path = StoreClient.swift; sourceTree = "<group>"; };
		DB6AB5ED214E4B37005FA4A5 /* MovieTableViewCell.swift */ = {isa = PBXFileReference; lastKnownFileType = sourcecode.swift; path = MovieTableViewCell.swift; sourceTree = "<group>"; };
		DB6AB5EE214E4B37005FA4A5 /* MovieTableViewCell.xib */ = {isa = PBXFileReference; lastKnownFileType = file.xib; path = MovieTableViewCell.xib; sourceTree = "<group>"; };
		DB6AB5F1214E9D45005FA4A5 /* AppManager.swift */ = {isa = PBXFileReference; lastKnownFileType = sourcecode.swift; path = AppManager.swift; sourceTree = "<group>"; };
		DB6AB5F3214EA492005FA4A5 /* PresenterManager.swift */ = {isa = PBXFileReference; lastKnownFileType = sourcecode.swift; path = PresenterManager.swift; sourceTree = "<group>"; };
		DB6AB5F5214EAC8C005FA4A5 /* RoutingManager.swift */ = {isa = PBXFileReference; lastKnownFileType = sourcecode.swift; path = RoutingManager.swift; sourceTree = "<group>"; };
		DBBCC38421483B8A00690094 /* BatmanSearch.json */ = {isa = PBXFileReference; lastKnownFileType = text.json; path = BatmanSearch.json; sourceTree = "<group>"; };
		DBBCC38621484A2700690094 /* SearchParserTests.swift */ = {isa = PBXFileReference; lastKnownFileType = sourcecode.swift; path = SearchParserTests.swift; sourceTree = "<group>"; };
		DBBD43DA214F8CB2008B0150 /* UIAlertController+Extension.swift */ = {isa = PBXFileReference; lastKnownFileType = sourcecode.swift; path = "UIAlertController+Extension.swift"; sourceTree = "<group>"; };
		DBF9EBD121453AD600B1F710 /* TheMovieDB.app */ = {isa = PBXFileReference; explicitFileType = wrapper.application; includeInIndex = 0; path = TheMovieDB.app; sourceTree = BUILT_PRODUCTS_DIR; };
		DBF9EBD421453AD600B1F710 /* AppDelegate.swift */ = {isa = PBXFileReference; lastKnownFileType = sourcecode.swift; path = AppDelegate.swift; sourceTree = "<group>"; };
		DBF9EBDB21453AD900B1F710 /* Assets.xcassets */ = {isa = PBXFileReference; lastKnownFileType = folder.assetcatalog; path = Assets.xcassets; sourceTree = "<group>"; };
		DBF9EBDE21453AD900B1F710 /* Base */ = {isa = PBXFileReference; lastKnownFileType = file.storyboard; name = Base; path = Base.lproj/LaunchScreen.storyboard; sourceTree = "<group>"; };
		DBF9EBE021453AD900B1F710 /* Info.plist */ = {isa = PBXFileReference; lastKnownFileType = text.plist.xml; path = Info.plist; sourceTree = "<group>"; };
		DBF9EBE521453AD900B1F710 /* TheMovieDBTests.xctest */ = {isa = PBXFileReference; explicitFileType = wrapper.cfbundle; includeInIndex = 0; path = TheMovieDBTests.xctest; sourceTree = BUILT_PRODUCTS_DIR; };
		DBF9EBEB21453AD900B1F710 /* Info.plist */ = {isa = PBXFileReference; lastKnownFileType = text.plist.xml; path = Info.plist; sourceTree = "<group>"; };
		DBF9EBF521453C1600B1F710 /* Result.swift */ = {isa = PBXFileReference; lastKnownFileType = sourcecode.swift; path = Result.swift; sourceTree = "<group>"; };
		DBF9EBF821453C7500B1F710 /* HTTPLayer.swift */ = {isa = PBXFileReference; lastKnownFileType = sourcecode.swift; path = HTTPLayer.swift; sourceTree = "<group>"; };
		DBF9EBFA2145596B00B1F710 /* Endpoint.swift */ = {isa = PBXFileReference; lastKnownFileType = sourcecode.swift; path = Endpoint.swift; sourceTree = "<group>"; };
		DC8EE44163D97CA7532CB400 /* Pods-TheMovieDB.debug.xcconfig */ = {isa = PBXFileReference; includeInIndex = 1; lastKnownFileType = text.xcconfig; name = "Pods-TheMovieDB.debug.xcconfig"; path = "Pods/Target Support Files/Pods-TheMovieDB/Pods-TheMovieDB.debug.xcconfig"; sourceTree = "<group>"; };
/* End PBXFileReference section */

/* Begin PBXFrameworksBuildPhase section */
		DBF9EBCE21453AD600B1F710 /* Frameworks */ = {
			isa = PBXFrameworksBuildPhase;
			buildActionMask = 2147483647;
			files = (
				6CF432134091048ED616F759 /* Pods_TheMovieDB.framework in Frameworks */,
			);
			runOnlyForDeploymentPostprocessing = 0;
		};
		DBF9EBE221453AD900B1F710 /* Frameworks */ = {
			isa = PBXFrameworksBuildPhase;
			buildActionMask = 2147483647;
			files = (
				6674F085CA79C2246B2C3430 /* Pods_TheMovieDBTests.framework in Frameworks */,
			);
			runOnlyForDeploymentPostprocessing = 0;
		};
/* End PBXFrameworksBuildPhase section */

/* Begin PBXGroup section */
		6F40DBF06A8158020A4EEE77 /* Pods */ = {
			isa = PBXGroup;
			children = (
				DC8EE44163D97CA7532CB400 /* Pods-TheMovieDB.debug.xcconfig */,
				8410DB8B97CD46CD1B7E4F12 /* Pods-TheMovieDB.release.xcconfig */,
				3E8AECF48CBE402380D9DAE7 /* Pods-TheMovieDBTests.debug.xcconfig */,
				0C7F663AD94D0B8D4C55563F /* Pods-TheMovieDBTests.release.xcconfig */,
			);
			name = Pods;
			sourceTree = "<group>";
		};
		724FC1E2E607E2DC3DBE348C /* Frameworks */ = {
			isa = PBXGroup;
			children = (
				595864C6D581FA07322B1E6B /* Pods_TheMovieDB.framework */,
				0FA80D9E3B0516AEA4538EAC /* Pods_TheMovieDBTests.framework */,
			);
			name = Frameworks;
			sourceTree = "<group>";
		};
		DB6AB5A121499DD2005FA4A5 /* Model */ = {
			isa = PBXGroup;
			children = (
				DB6AB5A321499E49005FA4A5 /* Movie.swift */,
				DB6AB5AC21499EFE005FA4A5 /* SearchResult.swift */,
			);
			path = Model;
			sourceTree = "<group>";
		};
		DB6AB5A221499E30005FA4A5 /* DecodeHelper */ = {
			isa = PBXGroup;
			children = (
				DB6AB5E3214DA57C005FA4A5 /* DecoderProtocol.swift */,
			);
			path = DecodeHelper;
			sourceTree = "<group>";
		};
		DB6AB5B52149A50F005FA4A5 /* APIClient */ = {
			isa = PBXGroup;
			children = (
				DB6AB5B62149A56B005FA4A5 /* APIClient.swift */,
			);
			path = APIClient;
			sourceTree = "<group>";
		};
		DB6AB5B9214A55AE005FA4A5 /* Support */ = {
			isa = PBXGroup;
			children = (
				DBF9EBE021453AD900B1F710 /* Info.plist */,
				DBF9EBDD21453AD900B1F710 /* LaunchScreen.storyboard */,
			);
			path = Support;
			sourceTree = "<group>";
		};
		DB6AB5BA214A5718005FA4A5 /* MovieSearch */ = {
			isa = PBXGroup;
			children = (
				DB6AB5BE214A5765005FA4A5 /* MovieSearchView.swift */,
				DB6AB5BB214A5755005FA4A5 /* MovieSearchViewController.swift */,
				DB6AB5C1214A5773005FA4A5 /* MovieSearchViewModel.swift */,
				DB6AB5DD214D693F005FA4A5 /* SubViews */,
			);
			path = MovieSearch;
			sourceTree = "<group>";
		};
		DB6AB5C5214AA564005FA4A5 /* MoviesList */ = {
			isa = PBXGroup;
			children = (
				DB6AB5CA214AA58F005FA4A5 /* MoviesListView.swift */,
				DB6AB5C6214AA57D005FA4A5 /* MoviesListViewController.swift */,
				DB6AB5C8214AA586005FA4A5 /* MoviesListViewModel.swift */,
				DB6AB5EA214E4AEF005FA4A5 /* Subviews */,
			);
			path = MoviesList;
			sourceTree = "<group>";
		};
		DB6AB5D7214D6899005FA4A5 /* Common */ = {
			isa = PBXGroup;
			children = (
				DBF9EBF521453C1600B1F710 /* Result.swift */,
				DB6AB5D8214D68B3005FA4A5 /* UI */,
			);
			path = Common;
			sourceTree = "<group>";
		};
		DB6AB5D8214D68B3005FA4A5 /* UI */ = {
			isa = PBXGroup;
			children = (
				DB6AB5D9214D68DB005FA4A5 /* UIButton+Extension.swift */,
				DB6AB5DB214D68FD005FA4A5 /* UITextField+Extension.swift */,
				DBBD43DA214F8CB2008B0150 /* UIAlertController+Extension.swift */,
			);
			path = UI;
			sourceTree = "<group>";
		};
		DB6AB5DD214D693F005FA4A5 /* SubViews */ = {
			isa = PBXGroup;
			children = (
				DB6AB5E0214D6A07005FA4A5 /* SearchHeaderView.swift */,
				DB6AB5DE214D694B005FA4A5 /* SuggestionViewCell.swift */,
			);
			path = SubViews;
			sourceTree = "<group>";
		};
		DB6AB5E2214D6C4A005FA4A5 /* DataStore */ = {
			isa = PBXGroup;
			children = (
				DB6AB5E5214DA8C3005FA4A5 /* StoreClient */,
			);
			path = DataStore;
			sourceTree = "<group>";
		};
		DB6AB5E5214DA8C3005FA4A5 /* StoreClient */ = {
			isa = PBXGroup;
			children = (
				DB6AB5E6214DA8D4005FA4A5 /* StoreClient.swift */,
			);
			path = StoreClient;
			sourceTree = "<group>";
		};
		DB6AB5EA214E4AEF005FA4A5 /* Subviews */ = {
			isa = PBXGroup;
			children = (
				DB6AB5ED214E4B37005FA4A5 /* MovieTableViewCell.swift */,
				DB6AB5EE214E4B37005FA4A5 /* MovieTableViewCell.xib */,
			);
			path = Subviews;
			sourceTree = "<group>";
		};
		DB6AB5FA214EC488005FA4A5 /* Managers */ = {
			isa = PBXGroup;
			children = (
				DB6AB5F1214E9D45005FA4A5 /* AppManager.swift */,
				DB6AB5F3214EA492005FA4A5 /* PresenterManager.swift */,
				DB6AB5F5214EAC8C005FA4A5 /* RoutingManager.swift */,
			);
			path = Managers;
			sourceTree = "<group>";
		};
		DBBCC38821484A3400690094 /* Support */ = {
			isa = PBXGroup;
			children = (
				DBBCC38421483B8A00690094 /* BatmanSearch.json */,
				DBF9EBEB21453AD900B1F710 /* Info.plist */,
			);
			path = Support;
			sourceTree = "<group>";
		};
		DBF9EBC821453AD600B1F710 = {
			isa = PBXGroup;
			children = (
				DBF9EBD321453AD600B1F710 /* TheMovieDB */,
				DBF9EBE821453AD900B1F710 /* TheMovieDBTests */,
				DBF9EBD221453AD600B1F710 /* Products */,
				6F40DBF06A8158020A4EEE77 /* Pods */,
				724FC1E2E607E2DC3DBE348C /* Frameworks */,
			);
			sourceTree = "<group>";
		};
		DBF9EBD221453AD600B1F710 /* Products */ = {
			isa = PBXGroup;
			children = (
				DBF9EBD121453AD600B1F710 /* TheMovieDB.app */,
				DBF9EBE521453AD900B1F710 /* TheMovieDBTests.xctest */,
			);
			name = Products;
			sourceTree = "<group>";
		};
		DBF9EBD321453AD600B1F710 /* TheMovieDB */ = {
			isa = PBXGroup;
			children = (
				DBF9EBD421453AD600B1F710 /* AppDelegate.swift */,
				DBF9EBDB21453AD900B1F710 /* Assets.xcassets */,
				DB6AB5D7214D6899005FA4A5 /* Common */,
				DBF9EBF421453BEA00B1F710 /* DataClient */,
				DB6AB5E2214D6C4A005FA4A5 /* DataStore */,
				DB6AB5FA214EC488005FA4A5 /* Managers */,
				DB6AB5A121499DD2005FA4A5 /* Model */,
				DB6AB5BA214A5718005FA4A5 /* MovieSearch */,
				DB6AB5C5214AA564005FA4A5 /* MoviesList */,
				DB6AB5B9214A55AE005FA4A5 /* Support */,
			);
			path = TheMovieDB;
			sourceTree = "<group>";
		};
		DBF9EBE821453AD900B1F710 /* TheMovieDBTests */ = {
			isa = PBXGroup;
			children = (
				DB0A277C2146F7C20085B67B /* HttpLayerTests.swift */,
				DBBCC38621484A2700690094 /* SearchParserTests.swift */,
				DBBCC38821484A3400690094 /* Support */,
			);
			path = TheMovieDBTests;
			sourceTree = "<group>";
		};
		DBF9EBF421453BEA00B1F710 /* DataClient */ = {
			isa = PBXGroup;
			children = (
				DB6AB5B52149A50F005FA4A5 /* APIClient */,
				DB6AB5A221499E30005FA4A5 /* DecodeHelper */,
				DBF9EBF721453C6200B1F710 /* HTTPClient */,
			);
			path = DataClient;
			sourceTree = "<group>";
		};
		DBF9EBF721453C6200B1F710 /* HTTPClient */ = {
			isa = PBXGroup;
			children = (
				DBF9EBF821453C7500B1F710 /* HTTPLayer.swift */,
				DBF9EBFA2145596B00B1F710 /* Endpoint.swift */,
			);
			path = HTTPClient;
			sourceTree = "<group>";
		};
/* End PBXGroup section */

/* Begin PBXNativeTarget section */
		DBF9EBD021453AD600B1F710 /* TheMovieDB */ = {
			isa = PBXNativeTarget;
			buildConfigurationList = DBF9EBEE21453AD900B1F710 /* Build configuration list for PBXNativeTarget "TheMovieDB" */;
			buildPhases = (
				51B042E67146A8D27871DBA9 /* [CP] Check Pods Manifest.lock */,
				DBF9EBCD21453AD600B1F710 /* Sources */,
				DBF9EBCE21453AD600B1F710 /* Frameworks */,
				DBF9EBCF21453AD600B1F710 /* Resources */,
				DEA810948064502933060811 /* [CP] Embed Pods Frameworks */,
				50B904F80D8358F0646475E4 /* [CP] Copy Pods Resources */,
			);
			buildRules = (
			);
			dependencies = (
			);
			name = TheMovieDB;
			productName = TheMovieDB;
			productReference = DBF9EBD121453AD600B1F710 /* TheMovieDB.app */;
			productType = "com.apple.product-type.application";
		};
		DBF9EBE421453AD900B1F710 /* TheMovieDBTests */ = {
			isa = PBXNativeTarget;
			buildConfigurationList = DBF9EBF121453AD900B1F710 /* Build configuration list for PBXNativeTarget "TheMovieDBTests" */;
			buildPhases = (
				79A08818180D37BD35469946 /* [CP] Check Pods Manifest.lock */,
				DBF9EBE121453AD900B1F710 /* Sources */,
				DBF9EBE221453AD900B1F710 /* Frameworks */,
				DBF9EBE321453AD900B1F710 /* Resources */,
				620D4C89EB0CF7E5678A9B31 /* [CP] Embed Pods Frameworks */,
				7E25DC95FEEDC9D8E2FC0454 /* [CP] Copy Pods Resources */,
			);
			buildRules = (
			);
			dependencies = (
				DBF9EBE721453AD900B1F710 /* PBXTargetDependency */,
			);
			name = TheMovieDBTests;
			productName = TheMovieDBTests;
			productReference = DBF9EBE521453AD900B1F710 /* TheMovieDBTests.xctest */;
			productType = "com.apple.product-type.bundle.unit-test";
		};
/* End PBXNativeTarget section */

/* Begin PBXProject section */
		DBF9EBC921453AD600B1F710 /* Project object */ = {
			isa = PBXProject;
			attributes = {
				LastSwiftUpdateCheck = 1000;
				LastUpgradeCheck = 1000;
				ORGANIZATIONNAME = "Sebastiano Catellani";
				TargetAttributes = {
					DBF9EBD021453AD600B1F710 = {
						CreatedOnToolsVersion = 10.0;
					};
					DBF9EBE421453AD900B1F710 = {
						CreatedOnToolsVersion = 10.0;
						TestTargetID = DBF9EBD021453AD600B1F710;
					};
				};
			};
			buildConfigurationList = DBF9EBCC21453AD600B1F710 /* Build configuration list for PBXProject "TheMovieDB" */;
			compatibilityVersion = "Xcode 9.3";
			developmentRegion = en;
			hasScannedForEncodings = 0;
			knownRegions = (
				en,
				Base,
			);
			mainGroup = DBF9EBC821453AD600B1F710;
			productRefGroup = DBF9EBD221453AD600B1F710 /* Products */;
			projectDirPath = "";
			projectRoot = "";
			targets = (
				DBF9EBD021453AD600B1F710 /* TheMovieDB */,
				DBF9EBE421453AD900B1F710 /* TheMovieDBTests */,
			);
		};
/* End PBXProject section */

/* Begin PBXResourcesBuildPhase section */
		DBF9EBCF21453AD600B1F710 /* Resources */ = {
			isa = PBXResourcesBuildPhase;
			buildActionMask = 2147483647;
			files = (
				DBF9EBDF21453AD900B1F710 /* LaunchScreen.storyboard in Resources */,
				DBF9EBDC21453AD900B1F710 /* Assets.xcassets in Resources */,
				DB6AB5F0214E4B37005FA4A5 /* MovieTableViewCell.xib in Resources */,
			);
			runOnlyForDeploymentPostprocessing = 0;
		};
		DBF9EBE321453AD900B1F710 /* Resources */ = {
			isa = PBXResourcesBuildPhase;
			buildActionMask = 2147483647;
			files = (
				DBBCC38521483B8A00690094 /* BatmanSearch.json in Resources */,
			);
			runOnlyForDeploymentPostprocessing = 0;
		};
/* End PBXResourcesBuildPhase section */

/* Begin PBXShellScriptBuildPhase section */
		50B904F80D8358F0646475E4 /* [CP] Copy Pods Resources */ = {
			isa = PBXShellScriptBuildPhase;
			buildActionMask = 2147483647;
			files = (
			);
			inputPaths = (
			);
			name = "[CP] Copy Pods Resources";
			outputPaths = (
			);
			runOnlyForDeploymentPostprocessing = 0;
			shellPath = /bin/sh;
			shellScript = "\"${SRCROOT}/Pods/Target Support Files/Pods-TheMovieDB/Pods-TheMovieDB-resources.sh\"\n";
			showEnvVarsInLog = 0;
		};
		51B042E67146A8D27871DBA9 /* [CP] Check Pods Manifest.lock */ = {
			isa = PBXShellScriptBuildPhase;
			buildActionMask = 2147483647;
			files = (
			);
			inputPaths = (
				"${PODS_PODFILE_DIR_PATH}/Podfile.lock",
				"${PODS_ROOT}/Manifest.lock",
			);
			name = "[CP] Check Pods Manifest.lock";
			outputPaths = (
				"$(DERIVED_FILE_DIR)/Pods-TheMovieDB-checkManifestLockResult.txt",
			);
			runOnlyForDeploymentPostprocessing = 0;
			shellPath = /bin/sh;
			shellScript = "diff \"${PODS_PODFILE_DIR_PATH}/Podfile.lock\" \"${PODS_ROOT}/Manifest.lock\" > /dev/null\nif [ $? != 0 ] ; then\n    # print error to STDERR\n    echo \"error: The sandbox is not in sync with the Podfile.lock. Run 'pod install' or update your CocoaPods installation.\" >&2\n    exit 1\nfi\n# This output is used by Xcode 'outputs' to avoid re-running this script phase.\necho \"SUCCESS\" > \"${SCRIPT_OUTPUT_FILE_0}\"\n";
			showEnvVarsInLog = 0;
		};
		620D4C89EB0CF7E5678A9B31 /* [CP] Embed Pods Frameworks */ = {
			isa = PBXShellScriptBuildPhase;
			buildActionMask = 2147483647;
			files = (
			);
			inputPaths = (
				"${SRCROOT}/Pods/Target Support Files/Pods-TheMovieDBTests/Pods-TheMovieDBTests-frameworks.sh",
				"${BUILT_PRODUCTS_DIR}/Nimble/Nimble.framework",
				"${BUILT_PRODUCTS_DIR}/Quick/Quick.framework",
			);
			name = "[CP] Embed Pods Frameworks";
			outputPaths = (
				"${TARGET_BUILD_DIR}/${FRAMEWORKS_FOLDER_PATH}/Nimble.framework",
				"${TARGET_BUILD_DIR}/${FRAMEWORKS_FOLDER_PATH}/Quick.framework",
			);
			runOnlyForDeploymentPostprocessing = 0;
			shellPath = /bin/sh;
			shellScript = "\"${SRCROOT}/Pods/Target Support Files/Pods-TheMovieDBTests/Pods-TheMovieDBTests-frameworks.sh\"\n";
			showEnvVarsInLog = 0;
		};
		79A08818180D37BD35469946 /* [CP] Check Pods Manifest.lock */ = {
			isa = PBXShellScriptBuildPhase;
			buildActionMask = 2147483647;
			files = (
			);
			inputPaths = (
				"${PODS_PODFILE_DIR_PATH}/Podfile.lock",
				"${PODS_ROOT}/Manifest.lock",
			);
			name = "[CP] Check Pods Manifest.lock";
			outputPaths = (
				"$(DERIVED_FILE_DIR)/Pods-TheMovieDBTests-checkManifestLockResult.txt",
			);
			runOnlyForDeploymentPostprocessing = 0;
			shellPath = /bin/sh;
			shellScript = "diff \"${PODS_PODFILE_DIR_PATH}/Podfile.lock\" \"${PODS_ROOT}/Manifest.lock\" > /dev/null\nif [ $? != 0 ] ; then\n    # print error to STDERR\n    echo \"error: The sandbox is not in sync with the Podfile.lock. Run 'pod install' or update your CocoaPods installation.\" >&2\n    exit 1\nfi\n# This output is used by Xcode 'outputs' to avoid re-running this script phase.\necho \"SUCCESS\" > \"${SCRIPT_OUTPUT_FILE_0}\"\n";
			showEnvVarsInLog = 0;
		};
		7E25DC95FEEDC9D8E2FC0454 /* [CP] Copy Pods Resources */ = {
			isa = PBXShellScriptBuildPhase;
			buildActionMask = 2147483647;
			files = (
			);
			inputPaths = (
			);
			name = "[CP] Copy Pods Resources";
			outputPaths = (
			);
			runOnlyForDeploymentPostprocessing = 0;
			shellPath = /bin/sh;
			shellScript = "\"${SRCROOT}/Pods/Target Support Files/Pods-TheMovieDBTests/Pods-TheMovieDBTests-resources.sh\"\n";
			showEnvVarsInLog = 0;
		};
		DEA810948064502933060811 /* [CP] Embed Pods Frameworks */ = {
			isa = PBXShellScriptBuildPhase;
			buildActionMask = 2147483647;
			files = (
			);
			inputPaths = (
				"${SRCROOT}/Pods/Target Support Files/Pods-TheMovieDB/Pods-TheMovieDB-frameworks.sh",
				"${BUILT_PRODUCTS_DIR}/ReactiveCocoa/ReactiveCocoa.framework",
				"${BUILT_PRODUCTS_DIR}/ReactiveSwift/ReactiveSwift.framework",
				"${BUILT_PRODUCTS_DIR}/Result/Result.framework",
				"${BUILT_PRODUCTS_DIR}/SDWebImage/SDWebImage.framework",
				"${BUILT_PRODUCTS_DIR}/SnapKit/SnapKit.framework",
			);
			name = "[CP] Embed Pods Frameworks";
			outputPaths = (
				"${TARGET_BUILD_DIR}/${FRAMEWORKS_FOLDER_PATH}/ReactiveCocoa.framework",
				"${TARGET_BUILD_DIR}/${FRAMEWORKS_FOLDER_PATH}/ReactiveSwift.framework",
				"${TARGET_BUILD_DIR}/${FRAMEWORKS_FOLDER_PATH}/Result.framework",
				"${TARGET_BUILD_DIR}/${FRAMEWORKS_FOLDER_PATH}/SDWebImage.framework",
				"${TARGET_BUILD_DIR}/${FRAMEWORKS_FOLDER_PATH}/SnapKit.framework",
			);
			runOnlyForDeploymentPostprocessing = 0;
			shellPath = /bin/sh;
			shellScript = "\"${SRCROOT}/Pods/Target Support Files/Pods-TheMovieDB/Pods-TheMovieDB-frameworks.sh\"\n";
			showEnvVarsInLog = 0;
		};
/* End PBXShellScriptBuildPhase section */

/* Begin PBXSourcesBuildPhase section */
		DBF9EBCD21453AD600B1F710 /* Sources */ = {
			isa = PBXSourcesBuildPhase;
			buildActionMask = 2147483647;
			files = (
				DB6AB5E4214DA57C005FA4A5 /* DecoderProtocol.swift in Sources */,
				DB6AB5CB214AA58F005FA4A5 /* MoviesListView.swift in Sources */,
				DB6AB5C2214A5773005FA4A5 /* MovieSearchViewModel.swift in Sources */,
				DB6AB5C7214AA57D005FA4A5 /* MoviesListViewController.swift in Sources */,
				DB6AB5E1214D6A07005FA4A5 /* SearchHeaderView.swift in Sources */,
				DB6AB5AD21499EFE005FA4A5 /* SearchResult.swift in Sources */,
				DB6AB5F2214E9D45005FA4A5 /* AppManager.swift in Sources */,
				DBF9EBF621453C1600B1F710 /* Result.swift in Sources */,
				DB6AB5DC214D68FD005FA4A5 /* UITextField+Extension.swift in Sources */,
				DB6AB5BF214A5765005FA4A5 /* MovieSearchView.swift in Sources */,
				DB6AB5F4214EA492005FA4A5 /* PresenterManager.swift in Sources */,
				DB6AB5A421499E49005FA4A5 /* Movie.swift in Sources */,
				DB6AB5DA214D68DB005FA4A5 /* UIButton+Extension.swift in Sources */,
				DBF9EBD521453AD600B1F710 /* AppDelegate.swift in Sources */,
				DB6AB5DF214D694B005FA4A5 /* SuggestionViewCell.swift in Sources */,
				DB6AB5F6214EAC8C005FA4A5 /* RoutingManager.swift in Sources */,
				DBF9EBF921453C7500B1F710 /* HTTPLayer.swift in Sources */,
				DBF9EBFB2145596B00B1F710 /* Endpoint.swift in Sources */,
				DBBD43DB214F8CB2008B0150 /* UIAlertController+Extension.swift in Sources */,
				DB6AB5B72149A56B005FA4A5 /* APIClient.swift in Sources */,
				DB6AB5BC214A5755005FA4A5 /* MovieSearchViewController.swift in Sources */,
				DB6AB5E7214DA8D4005FA4A5 /* StoreClient.swift in Sources */,
				DB6AB5C9214AA586005FA4A5 /* MoviesListViewModel.swift in Sources */,
				DB6AB5EF214E4B37005FA4A5 /* MovieTableViewCell.swift in Sources */,
			);
			runOnlyForDeploymentPostprocessing = 0;
		};
		DBF9EBE121453AD900B1F710 /* Sources */ = {
			isa = PBXSourcesBuildPhase;
			buildActionMask = 2147483647;
			files = (
				DB6AB5AE21499EFE005FA4A5 /* SearchResult.swift in Sources */,
				DBBD43D6214ECB15008B0150 /* MoviesListView.swift in Sources */,
				DBBD43D7214ECB1C008B0150 /* MovieTableViewCell.swift in Sources */,
				DB6AB5C4214A6184005FA4A5 /* MovieSearchViewModel.swift in Sources */,
				DBBD43D8214ECB26008B0150 /* SearchHeaderView.swift in Sources */,
				DB6AB5F9214EC1C7005FA4A5 /* RoutingManager.swift in Sources */,
				DB0A277D2146F7C20085B67B /* HttpLayerTests.swift in Sources */,
				DB0A277F2146FBB60085B67B /* Endpoint.swift in Sources */,
				DB6AB5A521499E60005FA4A5 /* Movie.swift in Sources */,
				DBBCC38721484A2700690094 /* SearchParserTests.swift in Sources */,
				DB6AB5FD214EC633005FA4A5 /* MoviesListViewController.swift in Sources */,
				DB6AB5E9214DB3B5005FA4A5 /* StoreClient.swift in Sources */,
				DB6AB5FB214EC61A005FA4A5 /* MovieSearchViewController.swift in Sources */,
				DBA3DF59214702580084F7F5 /* Result.swift in Sources */,
				DB6AB5E8214DACAA005FA4A5 /* DecoderProtocol.swift in Sources */,
				DB6AB5CC214AA5A6005FA4A5 /* MoviesListViewModel.swift in Sources */,
				DB0A277E2146FBB40085B67B /* HTTPLayer.swift in Sources */,
				DB6AB5F8214EC017005FA4A5 /* PresenterManager.swift in Sources */,
				DBBD43D9214ECB2A008B0150 /* SuggestionViewCell.swift in Sources */,
				DB6AB5B82149A56B005FA4A5 /* APIClient.swift in Sources */,
			);
			runOnlyForDeploymentPostprocessing = 0;
		};
/* End PBXSourcesBuildPhase section */

/* Begin PBXTargetDependency section */
		DBF9EBE721453AD900B1F710 /* PBXTargetDependency */ = {
			isa = PBXTargetDependency;
			target = DBF9EBD021453AD600B1F710 /* TheMovieDB */;
			targetProxy = DBF9EBE621453AD900B1F710 /* PBXContainerItemProxy */;
		};
/* End PBXTargetDependency section */

/* Begin PBXVariantGroup section */
		DBF9EBDD21453AD900B1F710 /* LaunchScreen.storyboard */ = {
			isa = PBXVariantGroup;
			children = (
				DBF9EBDE21453AD900B1F710 /* Base */,
			);
			name = LaunchScreen.storyboard;
			sourceTree = "<group>";
		};
/* End PBXVariantGroup section */

/* Begin XCBuildConfiguration section */
		DBF9EBEC21453AD900B1F710 /* Debug */ = {
			isa = XCBuildConfiguration;
			buildSettings = {
				ALWAYS_SEARCH_USER_PATHS = NO;
				CLANG_ANALYZER_NONNULL = YES;
				CLANG_ANALYZER_NUMBER_OBJECT_CONVERSION = YES_AGGRESSIVE;
				CLANG_CXX_LANGUAGE_STANDARD = "gnu++14";
				CLANG_CXX_LIBRARY = "libc++";
				CLANG_ENABLE_MODULES = YES;
				CLANG_ENABLE_OBJC_ARC = YES;
				CLANG_ENABLE_OBJC_WEAK = YES;
				CLANG_WARN_BLOCK_CAPTURE_AUTORELEASING = YES;
				CLANG_WARN_BOOL_CONVERSION = YES;
				CLANG_WARN_COMMA = YES;
				CLANG_WARN_CONSTANT_CONVERSION = YES;
				CLANG_WARN_DEPRECATED_OBJC_IMPLEMENTATIONS = YES;
				CLANG_WARN_DIRECT_OBJC_ISA_USAGE = YES_ERROR;
				CLANG_WARN_DOCUMENTATION_COMMENTS = YES;
				CLANG_WARN_EMPTY_BODY = YES;
				CLANG_WARN_ENUM_CONVERSION = YES;
				CLANG_WARN_INFINITE_RECURSION = YES;
				CLANG_WARN_INT_CONVERSION = YES;
				CLANG_WARN_NON_LITERAL_NULL_CONVERSION = YES;
				CLANG_WARN_OBJC_IMPLICIT_RETAIN_SELF = YES;
				CLANG_WARN_OBJC_LITERAL_CONVERSION = YES;
				CLANG_WARN_OBJC_ROOT_CLASS = YES_ERROR;
				CLANG_WARN_RANGE_LOOP_ANALYSIS = YES;
				CLANG_WARN_STRICT_PROTOTYPES = YES;
				CLANG_WARN_SUSPICIOUS_MOVE = YES;
				CLANG_WARN_UNGUARDED_AVAILABILITY = YES_AGGRESSIVE;
				CLANG_WARN_UNREACHABLE_CODE = YES;
				CLANG_WARN__DUPLICATE_METHOD_MATCH = YES;
				CODE_SIGN_IDENTITY = "iPhone Developer";
				COPY_PHASE_STRIP = NO;
				DEBUG_INFORMATION_FORMAT = dwarf;
				ENABLE_STRICT_OBJC_MSGSEND = YES;
				ENABLE_TESTABILITY = YES;
				GCC_C_LANGUAGE_STANDARD = gnu11;
				GCC_DYNAMIC_NO_PIC = NO;
				GCC_NO_COMMON_BLOCKS = YES;
				GCC_OPTIMIZATION_LEVEL = 0;
				GCC_PREPROCESSOR_DEFINITIONS = (
					"DEBUG=1",
					"$(inherited)",
				);
				GCC_WARN_64_TO_32_BIT_CONVERSION = YES;
				GCC_WARN_ABOUT_RETURN_TYPE = YES_ERROR;
				GCC_WARN_UNDECLARED_SELECTOR = YES;
				GCC_WARN_UNINITIALIZED_AUTOS = YES_AGGRESSIVE;
				GCC_WARN_UNUSED_FUNCTION = YES;
				GCC_WARN_UNUSED_VARIABLE = YES;
				IPHONEOS_DEPLOYMENT_TARGET = 12.0;
				MTL_ENABLE_DEBUG_INFO = INCLUDE_SOURCE;
				MTL_FAST_MATH = YES;
				ONLY_ACTIVE_ARCH = YES;
				SDKROOT = iphoneos;
				SWIFT_ACTIVE_COMPILATION_CONDITIONS = DEBUG;
				SWIFT_OPTIMIZATION_LEVEL = "-Onone";
			};
			name = Debug;
		};
		DBF9EBED21453AD900B1F710 /* Release */ = {
			isa = XCBuildConfiguration;
			buildSettings = {
				ALWAYS_SEARCH_USER_PATHS = NO;
				CLANG_ANALYZER_NONNULL = YES;
				CLANG_ANALYZER_NUMBER_OBJECT_CONVERSION = YES_AGGRESSIVE;
				CLANG_CXX_LANGUAGE_STANDARD = "gnu++14";
				CLANG_CXX_LIBRARY = "libc++";
				CLANG_ENABLE_MODULES = YES;
				CLANG_ENABLE_OBJC_ARC = YES;
				CLANG_ENABLE_OBJC_WEAK = YES;
				CLANG_WARN_BLOCK_CAPTURE_AUTORELEASING = YES;
				CLANG_WARN_BOOL_CONVERSION = YES;
				CLANG_WARN_COMMA = YES;
				CLANG_WARN_CONSTANT_CONVERSION = YES;
				CLANG_WARN_DEPRECATED_OBJC_IMPLEMENTATIONS = YES;
				CLANG_WARN_DIRECT_OBJC_ISA_USAGE = YES_ERROR;
				CLANG_WARN_DOCUMENTATION_COMMENTS = YES;
				CLANG_WARN_EMPTY_BODY = YES;
				CLANG_WARN_ENUM_CONVERSION = YES;
				CLANG_WARN_INFINITE_RECURSION = YES;
				CLANG_WARN_INT_CONVERSION = YES;
				CLANG_WARN_NON_LITERAL_NULL_CONVERSION = YES;
				CLANG_WARN_OBJC_IMPLICIT_RETAIN_SELF = YES;
				CLANG_WARN_OBJC_LITERAL_CONVERSION = YES;
				CLANG_WARN_OBJC_ROOT_CLASS = YES_ERROR;
				CLANG_WARN_RANGE_LOOP_ANALYSIS = YES;
				CLANG_WARN_STRICT_PROTOTYPES = YES;
				CLANG_WARN_SUSPICIOUS_MOVE = YES;
				CLANG_WARN_UNGUARDED_AVAILABILITY = YES_AGGRESSIVE;
				CLANG_WARN_UNREACHABLE_CODE = YES;
				CLANG_WARN__DUPLICATE_METHOD_MATCH = YES;
				CODE_SIGN_IDENTITY = "iPhone Developer";
				COPY_PHASE_STRIP = NO;
				DEBUG_INFORMATION_FORMAT = "dwarf-with-dsym";
				ENABLE_NS_ASSERTIONS = NO;
				ENABLE_STRICT_OBJC_MSGSEND = YES;
				GCC_C_LANGUAGE_STANDARD = gnu11;
				GCC_NO_COMMON_BLOCKS = YES;
				GCC_WARN_64_TO_32_BIT_CONVERSION = YES;
				GCC_WARN_ABOUT_RETURN_TYPE = YES_ERROR;
				GCC_WARN_UNDECLARED_SELECTOR = YES;
				GCC_WARN_UNINITIALIZED_AUTOS = YES_AGGRESSIVE;
				GCC_WARN_UNUSED_FUNCTION = YES;
				GCC_WARN_UNUSED_VARIABLE = YES;
				IPHONEOS_DEPLOYMENT_TARGET = 12.0;
				MTL_ENABLE_DEBUG_INFO = NO;
				MTL_FAST_MATH = YES;
				SDKROOT = iphoneos;
				SWIFT_COMPILATION_MODE = wholemodule;
				SWIFT_OPTIMIZATION_LEVEL = "-O";
				VALIDATE_PRODUCT = YES;
			};
			name = Release;
		};
		DBF9EBEF21453AD900B1F710 /* Debug */ = {
			isa = XCBuildConfiguration;
			baseConfigurationReference = DC8EE44163D97CA7532CB400 /* Pods-TheMovieDB.debug.xcconfig */;
			buildSettings = {
				ASSETCATALOG_COMPILER_APPICON_NAME = AppIcon;
				CODE_SIGN_STYLE = Automatic;
				DEVELOPMENT_TEAM = B2MQ4ZF3QC;
				INFOPLIST_FILE = TheMovieDB/Support/Info.plist;
				IPHONEOS_DEPLOYMENT_TARGET = 9.0;
				LD_RUNPATH_SEARCH_PATHS = (
					"$(inherited)",
					"@executable_path/Frameworks",
				);
				PRODUCT_BUNDLE_IDENTIFIER = com.megadevs.TheMovieDB;
				PRODUCT_NAME = "$(TARGET_NAME)";
				SWIFT_VERSION = 4.2;
				TARGETED_DEVICE_FAMILY = 1;
			};
			name = Debug;
		};
		DBF9EBF021453AD900B1F710 /* Release */ = {
			isa = XCBuildConfiguration;
			baseConfigurationReference = 8410DB8B97CD46CD1B7E4F12 /* Pods-TheMovieDB.release.xcconfig */;
			buildSettings = {
				ASSETCATALOG_COMPILER_APPICON_NAME = AppIcon;
				CODE_SIGN_STYLE = Automatic;
				DEVELOPMENT_TEAM = B2MQ4ZF3QC;
				INFOPLIST_FILE = TheMovieDB/Support/Info.plist;
				IPHONEOS_DEPLOYMENT_TARGET = 9.0;
				LD_RUNPATH_SEARCH_PATHS = (
					"$(inherited)",
					"@executable_path/Frameworks",
				);
				PRODUCT_BUNDLE_IDENTIFIER = com.megadevs.TheMovieDB;
				PRODUCT_NAME = "$(TARGET_NAME)";
				SWIFT_VERSION = 4.2;
				TARGETED_DEVICE_FAMILY = 1;
			};
			name = Release;
		};
		DBF9EBF221453AD900B1F710 /* Debug */ = {
			isa = XCBuildConfiguration;
			baseConfigurationReference = 3E8AECF48CBE402380D9DAE7 /* Pods-TheMovieDBTests.debug.xcconfig */;
			buildSettings = {
				ALWAYS_EMBED_SWIFT_STANDARD_LIBRARIES = "$(inherited)";
				BUNDLE_LOADER = "$(TEST_HOST)";
				CODE_SIGN_STYLE = Automatic;
				DEVELOPMENT_TEAM = B2MQ4ZF3QC;
				INFOPLIST_FILE = TheMovieDBTests/Support/Info.plist;
				LD_RUNPATH_SEARCH_PATHS = (
					"$(inherited)",
					"@executable_path/Frameworks",
					"@loader_path/Frameworks",
				);
				PRODUCT_BUNDLE_IDENTIFIER = com.megadevs.TheMovieDBTests;
				PRODUCT_NAME = "$(TARGET_NAME)";
				SWIFT_VERSION = 4.2;
				TARGETED_DEVICE_FAMILY = "1,2";
				TEST_HOST = "$(BUILT_PRODUCTS_DIR)/TheMovieDB.app/TheMovieDB";
			};
			name = Debug;
		};
		DBF9EBF321453AD900B1F710 /* Release */ = {
			isa = XCBuildConfiguration;
			baseConfigurationReference = 0C7F663AD94D0B8D4C55563F /* Pods-TheMovieDBTests.release.xcconfig */;
			buildSettings = {
				ALWAYS_EMBED_SWIFT_STANDARD_LIBRARIES = "$(inherited)";
				BUNDLE_LOADER = "$(TEST_HOST)";
				CODE_SIGN_STYLE = Automatic;
				DEVELOPMENT_TEAM = B2MQ4ZF3QC;
				INFOPLIST_FILE = TheMovieDBTests/Support/Info.plist;
				LD_RUNPATH_SEARCH_PATHS = (
					"$(inherited)",
					"@executable_path/Frameworks",
					"@loader_path/Frameworks",
				);
				PRODUCT_BUNDLE_IDENTIFIER = com.megadevs.TheMovieDBTests;
				PRODUCT_NAME = "$(TARGET_NAME)";
				SWIFT_VERSION = 4.2;
				TARGETED_DEVICE_FAMILY = "1,2";
				TEST_HOST = "$(BUILT_PRODUCTS_DIR)/TheMovieDB.app/TheMovieDB";
			};
			name = Release;
		};
/* End XCBuildConfiguration section */

/* Begin XCConfigurationList section */
		DBF9EBCC21453AD600B1F710 /* Build configuration list for PBXProject "TheMovieDB" */ = {
			isa = XCConfigurationList;
			buildConfigurations = (
				DBF9EBEC21453AD900B1F710 /* Debug */,
				DBF9EBED21453AD900B1F710 /* Release */,
			);
			defaultConfigurationIsVisible = 0;
			defaultConfigurationName = Release;
		};
		DBF9EBEE21453AD900B1F710 /* Build configuration list for PBXNativeTarget "TheMovieDB" */ = {
			isa = XCConfigurationList;
			buildConfigurations = (
				DBF9EBEF21453AD900B1F710 /* Debug */,
				DBF9EBF021453AD900B1F710 /* Release */,
			);
			defaultConfigurationIsVisible = 0;
			defaultConfigurationName = Release;
		};
		DBF9EBF121453AD900B1F710 /* Build configuration list for PBXNativeTarget "TheMovieDBTests" */ = {
			isa = XCConfigurationList;
			buildConfigurations = (
				DBF9EBF221453AD900B1F710 /* Debug */,
				DBF9EBF321453AD900B1F710 /* Release */,
			);
			defaultConfigurationIsVisible = 0;
			defaultConfigurationName = Release;
		};
/* End XCConfigurationList section */
	};
	rootObject = DBF9EBC921453AD600B1F710 /* Project object */;
}
